
Microsoft Visual Studio Solution File, Format Version 12.00
# Visual Studio Version 17
VisualStudioVersion = 17.2.32616.157
MinimumVisualStudioVersion = 10.0.40219.1
Project("{FAE04EC0-301F-11D3-BF4B-00C04F79EFBC}") = "KadrovskaSluzba", "KadrovskaSluzba\KadrovskaSluzba.csproj", "{4A27CF69-BB9A-44B1-9D80-3180E694C77E}"
EndProject
Global
	GlobalSection(SolutionConfigurationPlatforms) = preSolution
		Debug|Any CPU = Debug|Any CPU
		Release|Any CPU = Release|Any CPU
	EndGlobalSection
	GlobalSection(ProjectConfigurationPlatforms) = postSolution
		{4A27CF69-BB9A-44B1-9D80-3180E694C77E}.Debug|Any CPU.ActiveCfg = Debug|Any CPU
		{4A27CF69-BB9A-44B1-9D80-3180E694C77E}.Debug|Any CPU.Build.0 = Debug|Any CPU
		{4A27CF69-BB9A-44B1-9D80-3180E694C77E}.Release|Any CPU.ActiveCfg = Release|Any CPU
		{4A27CF69-BB9A-44B1-9D80-3180E694C77E}.Release|Any CPU.Build.0 = Release|Any CPU
	EndGlobalSection
	GlobalSection(SolutionProperties) = preSolution
		HideSolutionNode = FALSE
	EndGlobalSection
	GlobalSection(ExtensibilityGlobals) = postSolution
		SolutionGuid = {127CFE4B-3303-436F-B3A3-B9345DF48ABE}
	EndGlobalSection
EndGlobal
